
Microsoft Visual Studio Solution File, Format Version 12.00
# Visual Studio 15
VisualStudioVersion = 15.0.28010.2046
MinimumVisualStudioVersion = 10.0.40219.1
Project("{FAE04EC0-301F-11D3-BF4B-00C04F79EFBC}") = "lab4spp", "lab4spp\lab4spp.csproj", "{354AB95C-7F43-4685-95CA-1B280BB8769B}"
EndProject
Global
	GlobalSection(SolutionConfigurationPlatforms) = preSolution
		Debug|Any CPU = Debug|Any CPU
		Release|Any CPU = Release|Any CPU
	EndGlobalSection
	GlobalSection(ProjectConfigurationPlatforms) = postSolution
		{354AB95C-7F43-4685-95CA-1B280BB8769B}.Debug|Any CPU.ActiveCfg = Debug|Any CPU
		{354AB95C-7F43-4685-95CA-1B280BB8769B}.Debug|Any CPU.Build.0 = Debug|Any CPU
		{354AB95C-7F43-4685-95CA-1B280BB8769B}.Release|Any CPU.ActiveCfg = Release|Any CPU
		{354AB95C-7F43-4685-95CA-1B280BB8769B}.Release|Any CPU.Build.0 = Release|Any CPU
	EndGlobalSection
	GlobalSection(SolutionProperties) = preSolution
		HideSolutionNode = FALSE
	EndGlobalSection
	GlobalSection(ExtensibilityGlobals) = postSolution
		SolutionGuid = {ABF09E58-7A4F-44C0-8717-DAB15F03D719}
	EndGlobalSection
EndGlobal
